
Microsoft Visual Studio Solution File, Format Version 12.00
# Visual Studio Version 17
VisualStudioVersion = 17.8.34330.188
MinimumVisualStudioVersion = 10.0.40219.1
Project("{FAE04EC0-301F-11D3-BF4B-00C04F79EFBC}") = "TBPsoftTest2", "TBPsoftTest2.csproj", "{B56303F5-D86D-4CB7-BF0F-EFE4B48CC24B}"
EndProject
Global
	GlobalSection(SolutionConfigurationPlatforms) = preSolution
		Debug|Any CPU = Debug|Any CPU
		Release|Any CPU = Release|Any CPU
	EndGlobalSection
	GlobalSection(ProjectConfigurationPlatforms) = postSolution
		{B56303F5-D86D-4CB7-BF0F-EFE4B48CC24B}.Debug|Any CPU.ActiveCfg = Debug|Any CPU
		{B56303F5-D86D-4CB7-BF0F-EFE4B48CC24B}.Debug|Any CPU.Build.0 = Debug|Any CPU
		{B56303F5-D86D-4CB7-BF0F-EFE4B48CC24B}.Release|Any CPU.ActiveCfg = Release|Any CPU
		{B56303F5-D86D-4CB7-BF0F-EFE4B48CC24B}.Release|Any CPU.Build.0 = Release|Any CPU
	EndGlobalSection
	GlobalSection(SolutionProperties) = preSolution
		HideSolutionNode = FALSE
	EndGlobalSection
	GlobalSection(ExtensibilityGlobals) = postSolution
		SolutionGuid = {4DD72C11-D988-4684-B108-5044E1B07C81}
	EndGlobalSection
EndGlobal
